<?xml version="1.0" encoding="utf-8"?>
<Project ToolsVersion="4.0" xmlns="http://schemas.microsoft.com/developer/msbuild/2003">
  <ItemGroup>
    <Filter Include="源文件">
      <UniqueIdentifier>{4FC737F1-C7A5-4376-A066-2A32D752A2FF}</UniqueIdentifier>
      <Extensions>cpp;c;cc;cxx;def;odl;idl;hpj;bat;asm;asmx</Extensions>
    </Filter>
    <Filter Include="头文件">
      <UniqueIdentifier>{93995380-89BD-4b04-88EB-625FBE52EBFB}</UniqueIdentifier>
      <Extensions>h;hh;hpp;hxx;hm;inl;inc;xsd</Extensions>
    </Filter>
    <Filter Include="资源文件">
      <UniqueIdentifier>{67DA6AB6-F800-4c08-8B7A-83BB121AAD01}</UniqueIdentifier>
      <Extensions>rc;ico;cur;bmp;dlg;rc2;rct;bin;rgs;gif;jpg;jpeg;jpe;resx;tiff;tif;png;wav;mfcribbon-ms</Extensions>
    </Filter>
    <Filter Include="源文件\计算刚度、质量矩阵">
      <UniqueIdentifier>{1dbdd446-ce22-401c-8adf-dd06ee4e854e}</UniqueIdentifier>
    </Filter>
    <Filter Include="源文件\自由度编号、坐标转换矩阵、单元定位向量">
      <UniqueIdentifier>{e7d7efe6-8946-4226-b25b-ad8e724a3613}</UniqueIdentifier>
    </Filter>
    <Filter Include="源文件\矩阵运算">
      <UniqueIdentifier>{009c1f25-b63c-4a08-b9d0-d0bfd84b1f57}</UniqueIdentifier>
    </Filter>
    <Filter Include="源文件\地震力计算">
      <UniqueIdentifier>{b8c0cdab-ee5f-45d7-9fbf-57d14fc404ef}</UniqueIdentifier>
    </Filter>
    <Filter Include="源文件\特征值计算、结果排序、提取">
      <UniqueIdentifier>{3c5fb228-c8f5-4772-8a45-82b810775f84}</UniqueIdentifier>
    </Filter>
  </ItemGroup>
  <ItemGroup>
    <ClCompile Include="Main.cpp">
      <Filter>源文件</Filter>
    </ClCompile>
    <ClCompile Include="FrameElemMassCalcu.cpp">
      <Filter>源文件\计算刚度、质量矩阵</Filter>
    </ClCompile>
    <ClCompile Include="FrameElemStiffCalcu.cpp">
      <Filter>源文件\计算刚度、质量矩阵</Filter>
    </ClCompile>
    <ClCompile Include="GetK.cpp">
      <Filter>源文件\计算刚度、质量矩阵</Filter>
    </ClCompile>
    <ClCompile Include="GetM.cpp">
      <Filter>源文件\计算刚度、质量矩阵</Filter>
    </ClCompile>
    <ClCompile Include="GKAssembly.cpp">
      <Filter>源文件\计算刚度、质量矩阵</Filter>
    </ClCompile>
    <ClCompile Include="GMAssembly.cpp">
      <Filter>源文件\计算刚度、质量矩阵</Filter>
    </ClCompile>
    <ClCompile Include="DOFIndexCalcu.cpp">
      <Filter>源文件\自由度编号、坐标转换矩阵、单元定位向量</Filter>
    </ClCompile>
    <ClCompile Include="ElementDOFCalcu.cpp">
      <Filter>源文件\自由度编号、坐标转换矩阵、单元定位向量</Filter>
    </ClCompile>
    <ClCompile Include="EffectiveDOF.cpp">
      <Filter>源文件\自由度编号、坐标转换矩阵、单元定位向量</Filter>
    </ClCompile>
    <ClCompile Include="LengthSinCosCalcu.cpp">
      <Filter>源文件\自由度编号、坐标转换矩阵、单元定位向量</Filter>
    </ClCompile>
    <ClCompile Include="Matrix.cpp">
      <Filter>源文件\矩阵运算</Filter>
    </ClCompile>
    <ClCompile Include="RotationTransformation.cpp">
      <Filter>源文件\特征值计算、结果排序、提取</Filter>
    </ClCompile>
    <ClCompile Include="BandAndDiagCalcu.cpp">
      <Filter>源文件\自由度编号、坐标转换矩阵、单元定位向量</Filter>
    </ClCompile>
    <ClCompile Include="TrussElemStiffCalcu.cpp">
      <Filter>源文件\计算刚度、质量矩阵</Filter>
    </ClCompile>
    <ClCompile Include="AccelerationResponseSpectrum.cpp">
      <Filter>源文件\地震力计算</Filter>
    </ClCompile>
    <ClCompile Include="Conversion.cpp">
      <Filter>源文件\特征值计算、结果排序、提取</Filter>
    </ClCompile>
    <ClCompile Include="Extract.cpp">
      <Filter>源文件\特征值计算、结果排序、提取</Filter>
    </ClCompile>
  </ItemGroup>
  <ItemGroup>
    <ClInclude Include="Main.h">
      <Filter>头文件</Filter>
    </ClInclude>
  </ItemGroup>
</Project>